
Microsoft Visual Studio Solution File, Format Version 12.00
# Visual Studio Version 17
VisualStudioVersion = 17.2.32602.215
MinimumVisualStudioVersion = 10.0.40219.1
Project("{FAE04EC0-301F-11D3-BF4B-00C04F79EFBC}") = "Generics", "Generics\Generics.csproj", "{FF7B7C0A-33EF-4734-9269-DF09344CB1F3}"
EndProject
Global
	GlobalSection(SolutionConfigurationPlatforms) = preSolution
		Debug|Any CPU = Debug|Any CPU
		Release|Any CPU = Release|Any CPU
	EndGlobalSection
	GlobalSection(ProjectConfigurationPlatforms) = postSolution
		{FF7B7C0A-33EF-4734-9269-DF09344CB1F3}.Debug|Any CPU.ActiveCfg = Debug|Any CPU
		{FF7B7C0A-33EF-4734-9269-DF09344CB1F3}.Debug|Any CPU.Build.0 = Debug|Any CPU
		{FF7B7C0A-33EF-4734-9269-DF09344CB1F3}.Release|Any CPU.ActiveCfg = Release|Any CPU
		{FF7B7C0A-33EF-4734-9269-DF09344CB1F3}.Release|Any CPU.Build.0 = Release|Any CPU
	EndGlobalSection
	GlobalSection(SolutionProperties) = preSolution
		HideSolutionNode = FALSE
	EndGlobalSection
	GlobalSection(ExtensibilityGlobals) = postSolution
		SolutionGuid = {AF1B6352-BB12-492A-9336-1DD1E4FF268B}
	EndGlobalSection
EndGlobal
